
Microsoft Visual Studio Solution File, Format Version 12.00
# Visual Studio Version 17
VisualStudioVersion = 17.9.34622.214
MinimumVisualStudioVersion = 10.0.40219.1
Project("{FAE04EC0-301F-11D3-BF4B-00C04F79EFBC}") = "FizzBuzzSolid", "FizzBuzzSolid\FizzBuzzSolid.csproj", "{82E2D011-660D-4BDD-98AE-926F615CFC66}"
EndProject
Global
	GlobalSection(SolutionConfigurationPlatforms) = preSolution
		Debug|Any CPU = Debug|Any CPU
		Release|Any CPU = Release|Any CPU
	EndGlobalSection
	GlobalSection(ProjectConfigurationPlatforms) = postSolution
		{82E2D011-660D-4BDD-98AE-926F615CFC66}.Debug|Any CPU.ActiveCfg = Debug|Any CPU
		{82E2D011-660D-4BDD-98AE-926F615CFC66}.Debug|Any CPU.Build.0 = Debug|Any CPU
		{82E2D011-660D-4BDD-98AE-926F615CFC66}.Release|Any CPU.ActiveCfg = Release|Any CPU
		{82E2D011-660D-4BDD-98AE-926F615CFC66}.Release|Any CPU.Build.0 = Release|Any CPU
	EndGlobalSection
	GlobalSection(SolutionProperties) = preSolution
		HideSolutionNode = FALSE
	EndGlobalSection
	GlobalSection(ExtensibilityGlobals) = postSolution
		SolutionGuid = {44920B64-4D78-4415-AADE-667E517FDD4D}
	EndGlobalSection
EndGlobal
